hash: 0d3f68876af5921462188a64633d99708b49361da2d8b7a8f0bac544ce21cc3a
updated: 2018-06-18T21:41:18.11530226-07:00
imports:
- name: github.com/dgrijalva/jwt-go
  version: 06ea1031745cb8b3dab3f6a236daf2b0aa468b7e
- name: github.com/gorilla/schema
  version: e0e4b92809ac79a1a465c2f626c34b121e0916bd
- name: github.com/gorilla/websocket
  version: 5ed622c449da6d44c3c8329331ff47a9e5844f71
- name: github.com/mattermost/mattermost-server
  version: 6d8140337ef0f68f5177988f3c87bba5e4946399
  subpackages:
  - model
  - plugin
  - utils/jsonutils
  - utils/markdown
- name: github.com/nicksnyder/go-i18n
  version: f6ac3d9cf0c4b6a32527779e992ebde26bd3d948
  subpackages:
  - i18n
  - i18n/bundle
  - i18n/language
  - i18n/translation
- name: github.com/pborman/uuid
  version: c65b2f87fee37d1c7854c9164a450713c28d50cd
- name: github.com/pelletier/go-toml
  version: c01d1270ff3e442a8a57cddc1c92dc1138598194
- name: github.com/pkg/errors
  version: 816c9085562cd7ee03e7f8188a1cfd942858cded
- name: github.com/stretchr/testify
  version: f35b8ab0b5a2cef36673838d662e249dd9c94686
  subpackages:
  - mock
- name: golang.org/x/crypto
  version: 027cca12c2d63e3d62b670d901e8a2c95854feec
  subpackages:
  - bcrypt
  - blowfish
- name: gopkg.in/yaml.v2
  version: 5420a8b6744d3b0345ab293f6fcba19c978f1183
testImports: []
